
Microsoft Visual Studio Solution File, Format Version 12.00
# Visual Studio Version 16
VisualStudioVersion = 16.0.29806.167
MinimumVisualStudioVersion = 10.0.40219.1
Project("{FAE04EC0-301F-11D3-BF4B-00C04F79EFBC}") = "Bibles", "Bibles.csproj", "{3E69298C-BA70-42FF-AFE2-2C297AF56550}"
EndProject
Project("{FAE04EC0-301F-11D3-BF4B-00C04F79EFBC}") = "GeneralExtensions", "..\GeneralExtensions\GeneralExtensions.csproj", "{DF72187C-D643-4E5F-AF68-190C023930A9}"
EndProject
Project("{FAE04EC0-301F-11D3-BF4B-00C04F79EFBC}") = "IconSet", "..\IconSet\IconSet.csproj", "{8AE0A307-A872-4D6D-A58E-31D28CE5B89D}"
EndProject
Project("{FAE04EC0-301F-11D3-BF4B-00C04F79EFBC}") = "ViSo.Common", "..\ViSo.Common\ViSo.Common.csproj", "{CFB74CAF-B98C-4387-94E3-AE9AFBE16B7E}"
EndProject
Project("{FAE04EC0-301F-11D3-BF4B-00C04F79EFBC}") = "ViSo.SharedEnums", "..\ViSo.SharedEnums\ViSo.SharedEnums.csproj", "{44340843-A61B-4A2B-99D8-7142BF456D85}"
EndProject
Project("{FAE04EC0-301F-11D3-BF4B-00C04F79EFBC}") = "WPF.Tools", "..\WPF.Tools\WPF.Tools.csproj", "{53799C60-AA9D-4DEB-86E0-8E70DD1844F3}"
EndProject
Project("{FAE04EC0-301F-11D3-BF4B-00C04F79EFBC}") = "Bibles.BookIndex", "..\Bibles.BookIndex\Bibles.BookIndex.csproj", "{B65D0057-2539-41D4-9A6D-2E1F8F76B182}"
EndProject
Project("{FAE04EC0-301F-11D3-BF4B-00C04F79EFBC}") = "Bibles.Data", "..\Bibles.Data\Bibles.Data.csproj", "{EB22BF5B-1A1A-4DB7-874B-50DE6F7E1D1F}"
EndProject
Project("{FAE04EC0-301F-11D3-BF4B-00C04F79EFBC}") = "Bibles.DataResources", "..\Bibles.DataResources\Bibles.DataResources.csproj", "{1D25CA61-D07C-47E4-96CB-BEE25D82C0F7}"
EndProject
Project("{FAE04EC0-301F-11D3-BF4B-00C04F79EFBC}") = "Bibles.Common", "..\Bibles.Common\Bibles.Common.csproj", "{1AB1D3C5-374D-48E6-95FA-36DCA0A912AF}"
EndProject
Project("{FAE04EC0-301F-11D3-BF4B-00C04F79EFBC}") = "Bibles.Reader", "..\Bibles.Reader\Bibles.Reader.csproj", "{0D0860A4-94BE-4384-9E23-4A0B4D35E28E}"
EndProject
Project("{FAE04EC0-301F-11D3-BF4B-00C04F79EFBC}") = "Bibles.Bookmarks", "..\Bibles.Bookmarks\Bibles.Bookmarks.csproj", "{DBB8A019-9327-4874-996D-03621EF9A141}"
EndProject
Project("{FAE04EC0-301F-11D3-BF4B-00C04F79EFBC}") = "ViSo.Dialogs", "..\ViSo.Dialogs\ViSo.Dialogs.csproj", "{53C1D2AE-46E4-428F-80FB-7E1B238A2276}"
EndProject
Project("{FAE04EC0-301F-11D3-BF4B-00C04F79EFBC}") = "Bibles.Link", "..\Bibles.Link\Bibles.Link.csproj", "{AB2C4B31-47F7-4F89-A0A7-3B696A602E50}"
EndProject
Project("{FAE04EC0-301F-11D3-BF4B-00C04F79EFBC}") = "Bibles.Search", "..\Bibles.Search\Bibles.Search.csproj", "{94447AAF-87D5-4A42-A5CC-59D722A502EC}"
EndProject
Project("{FAE04EC0-301F-11D3-BF4B-00C04F79EFBC}") = "Bibles.Studies", "..\Bibles.Studies\Bibles.Studies.csproj", "{DA8A71FC-2293-4D3E-81C9-A5BB9AD0FD69}"
EndProject
Project("{FAE04EC0-301F-11D3-BF4B-00C04F79EFBC}") = "Bibles.Setup", "..\Bibles.Setup\Bibles.Setup.csproj", "{4D3A4DAF-06CA-41A9-8B6C-422040B5175A}"
EndProject
Global
	GlobalSection(SolutionConfigurationPlatforms) = preSolution
		Debug|Any CPU = Debug|Any CPU
		Debug|x64 = Debug|x64
		Debug|x86 = Debug|x86
		Release|Any CPU = Release|Any CPU
		Release|x64 = Release|x64
		Release|x86 = Release|x86
	EndGlobalSection
	GlobalSection(ProjectConfigurationPlatforms) = postSolution
		{3E69298C-BA70-42FF-AFE2-2C297AF56550}.Debug|Any CPU.ActiveCfg = Debug|Any CPU
		{3E69298C-BA70-42FF-AFE2-2C297AF56550}.Debug|Any CPU.Build.0 = Debug|Any CPU
		{3E69298C-BA70-42FF-AFE2-2C297AF56550}.Debug|x64.ActiveCfg = Debug|x64
		{3E69298C-BA70-42FF-AFE2-2C297AF56550}.Debug|x64.Build.0 = Debug|x64
		{3E69298C-BA70-42FF-AFE2-2C297AF56550}.Debug|x86.ActiveCfg = Debug|Any CPU
		{3E69298C-BA70-42FF-AFE2-2C297AF56550}.Debug|x86.Build.0 = Debug|Any CPU
		{3E69298C-BA70-42FF-AFE2-2C297AF56550}.Release|Any CPU.ActiveCfg = Release|Any CPU
		{3E69298C-BA70-42FF-AFE2-2C297AF56550}.Release|Any CPU.Build.0 = Release|Any CPU
		{3E69298C-BA70-42FF-AFE2-2C297AF56550}.Release|x64.ActiveCfg = Release|x64
		{3E69298C-BA70-42FF-AFE2-2C297AF56550}.Release|x64.Build.0 = Release|x64
		{3E69298C-BA70-42FF-AFE2-2C297AF56550}.Release|x86.ActiveCfg = Release|Any CPU
		{3E69298C-BA70-42FF-AFE2-2C297AF56550}.Release|x86.Build.0 = Release|Any CPU
		{DF72187C-D643-4E5F-AF68-190C023930A9}.Debug|Any CPU.ActiveCfg = Debug|Any CPU
		{DF72187C-D643-4E5F-AF68-190C023930A9}.Debug|Any CPU.Build.0 = Debug|Any CPU
		{DF72187C-D643-4E5F-AF68-190C023930A9}.Debug|x64.ActiveCfg = Debug|x64
		{DF72187C-D643-4E5F-AF68-190C023930A9}.Debug|x64.Build.0 = Debug|x64
		{DF72187C-D643-4E5F-AF68-190C023930A9}.Debug|x86.ActiveCfg = Debug|Any CPU
		{DF72187C-D643-4E5F-AF68-190C023930A9}.Debug|x86.Build.0 = Debug|Any CPU
		{DF72187C-D643-4E5F-AF68-190C023930A9}.Release|Any CPU.ActiveCfg = Release|Any CPU
		{DF72187C-D643-4E5F-AF68-190C023930A9}.Release|Any CPU.Build.0 = Release|Any CPU
		{DF72187C-D643-4E5F-AF68-190C023930A9}.Release|x64.ActiveCfg = Release|x64
		{DF72187C-D643-4E5F-AF68-190C023930A9}.Release|x64.Build.0 = Release|x64
		{DF72187C-D643-4E5F-AF68-190C023930A9}.Release|x86.ActiveCfg = Release|Any CPU
		{DF72187C-D643-4E5F-AF68-190C023930A9}.Release|x86.Build.0 = Release|Any CPU
		{8AE0A307-A872-4D6D-A58E-31D28CE5B89D}.Debug|Any CPU.ActiveCfg = Debug|Any CPU
		{8AE0A307-A872-4D6D-A58E-31D28CE5B89D}.Debug|Any CPU.Build.0 = Debug|Any CPU
		{8AE0A307-A872-4D6D-A58E-31D28CE5B89D}.Debug|x64.ActiveCfg = Debug|x64
		{8AE0A307-A872-4D6D-A58E-31D28CE5B89D}.Debug|x64.Build.0 = Debug|x64
		{8AE0A307-A872-4D6D-A58E-31D28CE5B89D}.Debug|x86.ActiveCfg = Debug|Any CPU
		{8AE0A307-A872-4D6D-A58E-31D28CE5B89D}.Debug|x86.Build.0 = Debug|Any CPU
		{8AE0A307-A872-4D6D-A58E-31D28CE5B89D}.Release|Any CPU.ActiveCfg = Release|Any CPU
		{8AE0A307-A872-4D6D-A58E-31D28CE5B89D}.Release|Any CPU.Build.0 = Release|Any CPU
		{8AE0A307-A872-4D6D-A58E-31D28CE5B89D}.Release|x64.ActiveCfg = Release|x64
		{8AE0A307-A872-4D6D-A58E-31D28CE5B89D}.Release|x64.Build.0 = Release|x64
		{8AE0A307-A872-4D6D-A58E-31D28CE5B89D}.Release|x86.ActiveCfg = Release|Any CPU
		{8AE0A307-A872-4D6D-A58E-31D28CE5B89D}.Release|x86.Build.0 = Release|Any CPU
		{CFB74CAF-B98C-4387-94E3-AE9AFBE16B7E}.Debug|Any CPU.ActiveCfg = Debug|Any CPU
		{CFB74CAF-B98C-4387-94E3-AE9AFBE16B7E}.Debug|Any CPU.Build.0 = Debug|Any CPU
		{CFB74CAF-B98C-4387-94E3-AE9AFBE16B7E}.Debug|x64.ActiveCfg = Debug|x64
		{CFB74CAF-B98C-4387-94E3-AE9AFBE16B7E}.Debug|x64.Build.0 = Debug|x64
		{CFB74CAF-B98C-4387-94E3-AE9AFBE16B7E}.Debug|x86.ActiveCfg = Debug|Any CPU
		{CFB74CAF-B98C-4387-94E3-AE9AFBE16B7E}.Debug|x86.Build.0 = Debug|Any CPU
		{CFB74CAF-B98C-4387-94E3-AE9AFBE16B7E}.Release|Any CPU.ActiveCfg = Release|Any CPU
		{CFB74CAF-B98C-4387-94E3-AE9AFBE16B7E}.Release|Any CPU.Build.0 = Release|Any CPU
		{CFB74CAF-B98C-4387-94E3-AE9AFBE16B7E}.Release|x64.ActiveCfg = Release|x64
		{CFB74CAF-B98C-4387-94E3-AE9AFBE16B7E}.Release|x64.Build.0 = Release|x64
		{CFB74CAF-B98C-4387-94E3-AE9AFBE16B7E}.Release|x86.ActiveCfg = Release|Any CPU
		{CFB74CAF-B98C-4387-94E3-AE9AFBE16B7E}.Release|x86.Build.0 = Release|Any CPU
		{44340843-A61B-4A2B-99D8-7142BF456D85}.Debug|Any CPU.ActiveCfg = Debug|Any CPU
		{44340843-A61B-4A2B-99D8-7142BF456D85}.Debug|Any CPU.Build.0 = Debug|Any CPU
		{44340843-A61B-4A2B-99D8-7142BF456D85}.Debug|x64.ActiveCfg = Debug|x64
		{44340843-A61B-4A2B-99D8-7142BF456D85}.Debug|x64.Build.0 = Debug|x64
		{44340843-A61B-4A2B-99D8-7142BF456D85}.Debug|x86.ActiveCfg = Debug|Any CPU
		{44340843-A61B-4A2B-99D8-7142BF456D85}.Debug|x86.Build.0 = Debug|Any CPU
		{44340843-A61B-4A2B-99D8-7142BF456D85}.Release|Any CPU.ActiveCfg = Release|Any CPU
		{44340843-A61B-4A2B-99D8-7142BF456D85}.Release|Any CPU.Build.0 = Release|Any CPU
		{44340843-A61B-4A2B-99D8-7142BF456D85}.Release|x64.ActiveCfg = Release|x64
		{44340843-A61B-4A2B-99D8-7142BF456D85}.Release|x64.Build.0 = Release|x64
		{44340843-A61B-4A2B-99D8-7142BF456D85}.Release|x86.ActiveCfg = Release|Any CPU
		{44340843-A61B-4A2B-99D8-7142BF456D85}.Release|x86.Build.0 = Release|Any CPU
		{53799C60-AA9D-4DEB-86E0-8E70DD1844F3}.Debug|Any CPU.ActiveCfg = Debug|Any CPU
		{53799C60-AA9D-4DEB-86E0-8E70DD1844F3}.Debug|Any CPU.Build.0 = Debug|Any CPU
		{53799C60-AA9D-4DEB-86E0-8E70DD1844F3}.Debug|x64.ActiveCfg = Debug|x64
		{53799C60-AA9D-4DEB-86E0-8E70DD1844F3}.Debug|x64.Build.0 = Debug|x64
		{53799C60-AA9D-4DEB-86E0-8E70DD1844F3}.Debug|x86.ActiveCfg = Debug|Any CPU
		{53799C60-AA9D-4DEB-86E0-8E70DD1844F3}.Debug|x86.Build.0 = Debug|Any CPU
		{53799C60-AA9D-4DEB-86E0-8E70DD1844F3}.Release|Any CPU.ActiveCfg = Release|Any CPU
		{53799C60-AA9D-4DEB-86E0-8E70DD1844F3}.Release|Any CPU.Build.0 = Release|Any CPU
		{53799C60-AA9D-4DEB-86E0-8E70DD1844F3}.Release|x64.ActiveCfg = Release|x64
		{53799C60-AA9D-4DEB-86E0-8E70DD1844F3}.Release|x64.Build.0 = Release|x64
		{53799C60-AA9D-4DEB-86E0-8E70DD1844F3}.Release|x86.ActiveCfg = Release|Any CPU
		{53799C60-AA9D-4DEB-86E0-8E70DD1844F3}.Release|x86.Build.0 = Release|Any CPU
		{B65D0057-2539-41D4-9A6D-2E1F8F76B182}.Debug|Any CPU.ActiveCfg = Debug|Any CPU
		{B65D0057-2539-41D4-9A6D-2E1F8F76B182}.Debug|Any CPU.Build.0 = Debug|Any CPU
		{B65D0057-2539-41D4-9A6D-2E1F8F76B182}.Debug|x64.ActiveCfg = Debug|x64
		{B65D0057-2539-41D4-9A6D-2E1F8F76B182}.Debug|x64.Build.0 = Debug|x64
		{B65D0057-2539-41D4-9A6D-2E1F8F76B182}.Debug|x86.ActiveCfg = Debug|Any CPU
		{B65D0057-2539-41D4-9A6D-2E1F8F76B182}.Debug|x86.Build.0 = Debug|Any CPU
		{B65D0057-2539-41D4-9A6D-2E1F8F76B182}.Release|Any CPU.ActiveCfg = Release|Any CPU
		{B65D0057-2539-41D4-9A6D-2E1F8F76B182}.Release|Any CPU.Build.0 = Release|Any CPU
		{B65D0057-2539-41D4-9A6D-2E1F8F76B182}.Release|x64.ActiveCfg = Release|x64
		{B65D0057-2539-41D4-9A6D-2E1F8F76B182}.Release|x64.Build.0 = Release|x64
		{B65D0057-2539-41D4-9A6D-2E1F8F76B182}.Release|x86.ActiveCfg = Release|Any CPU
		{B65D0057-2539-41D4-9A6D-2E1F8F76B182}.Release|x86.Build.0 = Release|Any CPU
		{EB22BF5B-1A1A-4DB7-874B-50DE6F7E1D1F}.Debug|Any CPU.ActiveCfg = Debug|Any CPU
		{EB22BF5B-1A1A-4DB7-874B-50DE6F7E1D1F}.Debug|Any CPU.Build.0 = Debug|Any CPU
		{EB22BF5B-1A1A-4DB7-874B-50DE6F7E1D1F}.Debug|x64.ActiveCfg = Debug|x64
		{EB22BF5B-1A1A-4DB7-874B-50DE6F7E1D1F}.Debug|x64.Build.0 = Debug|x64
		{EB22BF5B-1A1A-4DB7-874B-50DE6F7E1D1F}.Debug|x86.ActiveCfg = Debug|Any CPU
		{EB22BF5B-1A1A-4DB7-874B-50DE6F7E1D1F}.Debug|x86.Build.0 = Debug|Any CPU
		{EB22BF5B-1A1A-4DB7-874B-50DE6F7E1D1F}.Release|Any CPU.ActiveCfg = Release|Any CPU
		{EB22BF5B-1A1A-4DB7-874B-50DE6F7E1D1F}.Release|Any CPU.Build.0 = Release|Any CPU
		{EB22BF5B-1A1A-4DB7-874B-50DE6F7E1D1F}.Release|x64.ActiveCfg = Release|x64
		{EB22BF5B-1A1A-4DB7-874B-50DE6F7E1D1F}.Release|x64.Build.0 = Release|x64
		{EB22BF5B-1A1A-4DB7-874B-50DE6F7E1D1F}.Release|x86.ActiveCfg = Release|Any CPU
		{EB22BF5B-1A1A-4DB7-874B-50DE6F7E1D1F}.Release|x86.Build.0 = Release|Any CPU
		{1D25CA61-D07C-47E4-96CB-BEE25D82C0F7}.Debug|Any CPU.ActiveCfg = Debug|Any CPU
		{1D25CA61-D07C-47E4-96CB-BEE25D82C0F7}.Debug|Any CPU.Build.0 = Debug|Any CPU
		{1D25CA61-D07C-47E4-96CB-BEE25D82C0F7}.Debug|x64.ActiveCfg = Debug|x64
		{1D25CA61-D07C-47E4-96CB-BEE25D82C0F7}.Debug|x64.Build.0 = Debug|x64
		{1D25CA61-D07C-47E4-96CB-BEE25D82C0F7}.Debug|x86.ActiveCfg = Debug|Any CPU
		{1D25CA61-D07C-47E4-96CB-BEE25D82C0F7}.Debug|x86.Build.0 = Debug|Any CPU
		{1D25CA61-D07C-47E4-96CB-BEE25D82C0F7}.Release|Any CPU.ActiveCfg = Release|Any CPU
		{1D25CA61-D07C-47E4-96CB-BEE25D82C0F7}.Release|Any CPU.Build.0 = Release|Any CPU
		{1D25CA61-D07C-47E4-96CB-BEE25D82C0F7}.Release|x64.ActiveCfg = Release|x64
		{1D25CA61-D07C-47E4-96CB-BEE25D82C0F7}.Release|x64.Build.0 = Release|x64
		{1D25CA61-D07C-47E4-96CB-BEE25D82C0F7}.Release|x86.ActiveCfg = Release|Any CPU
		{1D25CA61-D07C-47E4-96CB-BEE25D82C0F7}.Release|x86.Build.0 = Release|Any CPU
		{1AB1D3C5-374D-48E6-95FA-36DCA0A912AF}.Debug|Any CPU.ActiveCfg = Debug|Any CPU
		{1AB1D3C5-374D-48E6-95FA-36DCA0A912AF}.Debug|Any CPU.Build.0 = Debug|Any CPU
		{1AB1D3C5-374D-48E6-95FA-36DCA0A912AF}.Debug|x64.ActiveCfg = Debug|x64
		{1AB1D3C5-374D-48E6-95FA-36DCA0A912AF}.Debug|x64.Build.0 = Debug|x64
		{1AB1D3C5-374D-48E6-95FA-36DCA0A912AF}.Debug|x86.ActiveCfg = Debug|Any CPU
		{1AB1D3C5-374D-48E6-95FA-36DCA0A912AF}.Debug|x86.Build.0 = Debug|Any CPU
		{1AB1D3C5-374D-48E6-95FA-36DCA0A912AF}.Release|Any CPU.ActiveCfg = Release|Any CPU
		{1AB1D3C5-374D-48E6-95FA-36DCA0A912AF}.Release|Any CPU.Build.0 = Release|Any CPU
		{1AB1D3C5-374D-48E6-95FA-36DCA0A912AF}.Release|x64.ActiveCfg = Release|x64
		{1AB1D3C5-374D-48E6-95FA-36DCA0A912AF}.Release|x64.Build.0 = Release|x64
		{1AB1D3C5-374D-48E6-95FA-36DCA0A912AF}.Release|x86.ActiveCfg = Release|Any CPU
		{1AB1D3C5-374D-48E6-95FA-36DCA0A912AF}.Release|x86.Build.0 = Release|Any CPU
		{0D0860A4-94BE-4384-9E23-4A0B4D35E28E}.Debug|Any CPU.ActiveCfg = Debug|Any CPU
		{0D0860A4-94BE-4384-9E23-4A0B4D35E28E}.Debug|Any CPU.Build.0 = Debug|Any CPU
		{0D0860A4-94BE-4384-9E23-4A0B4D35E28E}.Debug|x64.ActiveCfg = Debug|x64
		{0D0860A4-94BE-4384-9E23-4A0B4D35E28E}.Debug|x64.Build.0 = Debug|x64
		{0D0860A4-94BE-4384-9E23-4A0B4D35E28E}.Debug|x86.ActiveCfg = Debug|Any CPU
		{0D0860A4-94BE-4384-9E23-4A0B4D35E28E}.Debug|x86.Build.0 = Debug|Any CPU
		{0D0860A4-94BE-4384-9E23-4A0B4D35E28E}.Release|Any CPU.ActiveCfg = Release|Any CPU
		{0D0860A4-94BE-4384-9E23-4A0B4D35E28E}.Release|Any CPU.Build.0 = Release|Any CPU
		{0D0860A4-94BE-4384-9E23-4A0B4D35E28E}.Release|x64.ActiveCfg = Release|x64
		{0D0860A4-94BE-4384-9E23-4A0B4D35E28E}.Release|x64.Build.0 = Release|x64
		{0D0860A4-94BE-4384-9E23-4A0B4D35E28E}.Release|x86.ActiveCfg = Release|Any CPU
		{0D0860A4-94BE-4384-9E23-4A0B4D35E28E}.Release|x86.Build.0 = Release|Any CPU
		{DBB8A019-9327-4874-996D-03621EF9A141}.Debug|Any CPU.ActiveCfg = Debug|Any CPU
		{DBB8A019-9327-4874-996D-03621EF9A141}.Debug|Any CPU.Build.0 = Debug|Any CPU
		{DBB8A019-9327-4874-996D-03621EF9A141}.Debug|x64.ActiveCfg = Debug|x64
		{DBB8A019-9327-4874-996D-03621EF9A141}.Debug|x64.Build.0 = Debug|x64
		{DBB8A019-9327-4874-996D-03621EF9A141}.Debug|x86.ActiveCfg = Debug|Any CPU
		{DBB8A019-9327-4874-996D-03621EF9A141}.Debug|x86.Build.0 = Debug|Any CPU
		{DBB8A019-9327-4874-996D-03621EF9A141}.Release|Any CPU.ActiveCfg = Release|Any CPU
		{DBB8A019-9327-4874-996D-03621EF9A141}.Release|Any CPU.Build.0 = Release|Any CPU
		{DBB8A019-9327-4874-996D-03621EF9A141}.Release|x64.ActiveCfg = Release|x64
		{DBB8A019-9327-4874-996D-03621EF9A141}.Release|x64.Build.0 = Release|x64
		{DBB8A019-9327-4874-996D-03621EF9A141}.Release|x86.ActiveCfg = Release|Any CPU
		{DBB8A019-9327-4874-996D-03621EF9A141}.Release|x86.Build.0 = Release|Any CPU
		{53C1D2AE-46E4-428F-80FB-7E1B238A2276}.Debug|Any CPU.ActiveCfg = Debug|Any CPU
		{53C1D2AE-46E4-428F-80FB-7E1B238A2276}.Debug|Any CPU.Build.0 = Debug|Any CPU
		{53C1D2AE-46E4-428F-80FB-7E1B238A2276}.Debug|x64.ActiveCfg = Debug|x64
		{53C1D2AE-46E4-428F-80FB-7E1B238A2276}.Debug|x64.Build.0 = Debug|x64
		{53C1D2AE-46E4-428F-80FB-7E1B238A2276}.Debug|x86.ActiveCfg = Debug|Any CPU
		{53C1D2AE-46E4-428F-80FB-7E1B238A2276}.Debug|x86.Build.0 = Debug|Any CPU
		{53C1D2AE-46E4-428F-80FB-7E1B238A2276}.Release|Any CPU.ActiveCfg = Release|Any CPU
		{53C1D2AE-46E4-428F-80FB-7E1B238A2276}.Release|Any CPU.Build.0 = Release|Any CPU
		{53C1D2AE-46E4-428F-80FB-7E1B238A2276}.Release|x64.ActiveCfg = Release|x64
		{53C1D2AE-46E4-428F-80FB-7E1B238A2276}.Release|x64.Build.0 = Release|x64
		{53C1D2AE-46E4-428F-80FB-7E1B238A2276}.Release|x86.ActiveCfg = Release|Any CPU
		{53C1D2AE-46E4-428F-80FB-7E1B238A2276}.Release|x86.Build.0 = Release|Any CPU
		{AB2C4B31-47F7-4F89-A0A7-3B696A602E50}.Debug|Any CPU.ActiveCfg = Debug|Any CPU
		{AB2C4B31-47F7-4F89-A0A7-3B696A602E50}.Debug|Any CPU.Build.0 = Debug|Any CPU
		{AB2C4B31-47F7-4F89-A0A7-3B696A602E50}.Debug|x64.ActiveCfg = Debug|x64
		{AB2C4B31-47F7-4F89-A0A7-3B696A602E50}.Debug|x64.Build.0 = Debug|x64
		{AB2C4B31-47F7-4F89-A0A7-3B696A602E50}.Debug|x86.ActiveCfg = Debug|Any CPU
		{AB2C4B31-47F7-4F89-A0A7-3B696A602E50}.Debug|x86.Build.0 = Debug|Any CPU
		{AB2C4B31-47F7-4F89-A0A7-3B696A602E50}.Release|Any CPU.ActiveCfg = Release|Any CPU
		{AB2C4B31-47F7-4F89-A0A7-3B696A602E50}.Release|Any CPU.Build.0 = Release|Any CPU
		{AB2C4B31-47F7-4F89-A0A7-3B696A602E50}.Release|x64.ActiveCfg = Release|x64
		{AB2C4B31-47F7-4F89-A0A7-3B696A602E50}.Release|x64.Build.0 = Release|x64
		{AB2C4B31-47F7-4F89-A0A7-3B696A602E50}.Release|x86.ActiveCfg = Release|Any CPU
		{AB2C4B31-47F7-4F89-A0A7-3B696A602E50}.Release|x86.Build.0 = Release|Any CPU
		{94447AAF-87D5-4A42-A5CC-59D722A502EC}.Debug|Any CPU.ActiveCfg = Debug|Any CPU
		{94447AAF-87D5-4A42-A5CC-59D722A502EC}.Debug|Any CPU.Build.0 = Debug|Any CPU
		{94447AAF-87D5-4A42-A5CC-59D722A502EC}.Debug|x64.ActiveCfg = Debug|x64
		{94447AAF-87D5-4A42-A5CC-59D722A502EC}.Debug|x64.Build.0 = Debug|x64
		{94447AAF-87D5-4A42-A5CC-59D722A502EC}.Debug|x86.ActiveCfg = Debug|Any CPU
		{94447AAF-87D5-4A42-A5CC-59D722A502EC}.Debug|x86.Build.0 = Debug|Any CPU
		{94447AAF-87D5-4A42-A5CC-59D722A502EC}.Release|Any CPU.ActiveCfg = Release|Any CPU
		{94447AAF-87D5-4A42-A5CC-59D722A502EC}.Release|Any CPU.Build.0 = Release|Any CPU
		{94447AAF-87D5-4A42-A5CC-59D722A502EC}.Release|x64.ActiveCfg = Release|x64
		{94447AAF-87D5-4A42-A5CC-59D722A502EC}.Release|x64.Build.0 = Release|x64
		{94447AAF-87D5-4A42-A5CC-59D722A502EC}.Release|x86.ActiveCfg = Release|Any CPU
		{94447AAF-87D5-4A42-A5CC-59D722A502EC}.Release|x86.Build.0 = Release|Any CPU
		{DA8A71FC-2293-4D3E-81C9-A5BB9AD0FD69}.Debug|Any CPU.ActiveCfg = Debug|Any CPU
		{DA8A71FC-2293-4D3E-81C9-A5BB9AD0FD69}.Debug|Any CPU.Build.0 = Debug|Any CPU
		{DA8A71FC-2293-4D3E-81C9-A5BB9AD0FD69}.Debug|x64.ActiveCfg = Debug|x64
		{DA8A71FC-2293-4D3E-81C9-A5BB9AD0FD69}.Debug|x64.Build.0 = Debug|x64
		{DA8A71FC-2293-4D3E-81C9-A5BB9AD0FD69}.Debug|x86.ActiveCfg = Debug|Any CPU
		{DA8A71FC-2293-4D3E-81C9-A5BB9AD0FD69}.Debug|x86.Build.0 = Debug|Any CPU
		{DA8A71FC-2293-4D3E-81C9-A5BB9AD0FD69}.Release|Any CPU.ActiveCfg = Release|Any CPU
		{DA8A71FC-2293-4D3E-81C9-A5BB9AD0FD69}.Release|Any CPU.Build.0 = Release|Any CPU
		{DA8A71FC-2293-4D3E-81C9-A5BB9AD0FD69}.Release|x64.ActiveCfg = Release|x64
		{DA8A71FC-2293-4D3E-81C9-A5BB9AD0FD69}.Release|x64.Build.0 = Release|x64
		{DA8A71FC-2293-4D3E-81C9-A5BB9AD0FD69}.Release|x86.ActiveCfg = Release|Any CPU
		{DA8A71FC-2293-4D3E-81C9-A5BB9AD0FD69}.Release|x86.Build.0 = Release|Any CPU
		{4D3A4DAF-06CA-41A9-8B6C-422040B5175A}.Debug|Any CPU.ActiveCfg = Debug|Any CPU
		{4D3A4DAF-06CA-41A9-8B6C-422040B5175A}.Debug|Any CPU.Build.0 = Debug|Any CPU
		{4D3A4DAF-06CA-41A9-8B6C-422040B5175A}.Debug|x64.ActiveCfg = Debug|x64
		{4D3A4DAF-06CA-41A9-8B6C-422040B5175A}.Debug|x64.Build.0 = Debug|x64
		{4D3A4DAF-06CA-41A9-8B6C-422040B5175A}.Debug|x86.ActiveCfg = Debug|Any CPU
		{4D3A4DAF-06CA-41A9-8B6C-422040B5175A}.Debug|x86.Build.0 = Debug|Any CPU
		{4D3A4DAF-06CA-41A9-8B6C-422040B5175A}.Release|Any CPU.ActiveCfg = Release|Any CPU
		{4D3A4DAF-06CA-41A9-8B6C-422040B5175A}.Release|Any CPU.Build.0 = Release|Any CPU
		{4D3A4DAF-06CA-41A9-8B6C-422040B5175A}.Release|x64.ActiveCfg = Release|x64
		{4D3A4DAF-06CA-41A9-8B6C-422040B5175A}.Release|x64.Build.0 = Release|x64
		{4D3A4DAF-06CA-41A9-8B6C-422040B5175A}.Release|x86.ActiveCfg = Release|Any CPU
		{4D3A4DAF-06CA-41A9-8B6C-422040B5175A}.Release|x86.Build.0 = Release|Any CPU
	EndGlobalSection
	GlobalSection(SolutionProperties) = preSolution
		HideSolutionNode = FALSE
	EndGlobalSection
	GlobalSection(ExtensibilityGlobals) = postSolution
		SolutionGuid = {10455C43-DC2E-4588-8FE3-A633E3494504}
	EndGlobalSection
EndGlobal
